// !$*UTF8*$!
{
	archiveVersion = 1;
	classes = {
	};
	objectVersion = 51;
	objects = {

/* Begin PBXBuildFile section */
		6419CECA25B3EE9E0069ED29 /* queryPokemon.graphql in Resources */ = {isa = PBXBuildFile; fileRef = 6419CEC925B3EE9E0069ED29 /* queryPokemon.graphql */; };
		6419CEE425B407A70069ED29 /* API.swift in Sources */ = {isa = PBXBuildFile; fileRef = 6419CEE325B407A70069ED29 /* API.swift */; };
		6419CEE925B407F70069ED29 /* Apollo.swift in Sources */ = {isa = PBXBuildFile; fileRef = 6419CEE825B407F70069ED29 /* Apollo.swift */; };
		6419CEEC25B415440069ED29 /* CellViewModel.swift in Sources */ = {isa = PBXBuildFile; fileRef = 6419CEEB25B415440069ED29 /* CellViewModel.swift */; };
		6419CEEF25B41C7E0069ED29 /* PokemonVCViewModel.swift in Sources */ = {isa = PBXBuildFile; fileRef = 6419CEEE25B41C7E0069ED29 /* PokemonVCViewModel.swift */; };
		6419CF1A25B495C50069ED29 /* KingfisherWrapper.swift in Sources */ = {isa = PBXBuildFile; fileRef = 6419CF1925B495C50069ED29 /* KingfisherWrapper.swift */; };
		645D884C25B1703D00926C16 /* AppDelegate.swift in Sources */ = {isa = PBXBuildFile; fileRef = 645D884B25B1703D00926C16 /* AppDelegate.swift */; };
		645D885025B1703D00926C16 /* PokemonVC.swift in Sources */ = {isa = PBXBuildFile; fileRef = 645D884F25B1703D00926C16 /* PokemonVC.swift */; };
		645D885325B1703D00926C16 /* Main.storyboard in Resources */ = {isa = PBXBuildFile; fileRef = 645D885125B1703D00926C16 /* Main.storyboard */; };
		645D885525B1703F00926C16 /* Assets.xcassets in Resources */ = {isa = PBXBuildFile; fileRef = 645D885425B1703F00926C16 /* Assets.xcassets */; };
		645D885825B1703F00926C16 /* LaunchScreen.storyboard in Resources */ = {isa = PBXBuildFile; fileRef = 645D885625B1703F00926C16 /* LaunchScreen.storyboard */; };
		645D886725B1735F00926C16 /* UICollectionView+Extension.swift in Sources */ = {isa = PBXBuildFile; fileRef = 645D886625B1735F00926C16 /* UICollectionView+Extension.swift */; };
		645D886F25B1743700926C16 /* PokemonCollectionViewCell.swift in Sources */ = {isa = PBXBuildFile; fileRef = 645D886D25B1743700926C16 /* PokemonCollectionViewCell.swift */; };
		645D887025B1743700926C16 /* PokemonCollectionViewCell.xib in Resources */ = {isa = PBXBuildFile; fileRef = 645D886E25B1743700926C16 /* PokemonCollectionViewCell.xib */; };
		645D887325B19D9800926C16 /* HTTPClient.swift in Sources */ = {isa = PBXBuildFile; fileRef = 645D887225B19D9800926C16 /* HTTPClient.swift */; };
		7F1D54B4CCABB02425E1F865 /* Pods_KooData.framework in Frameworks */ = {isa = PBXBuildFile; fileRef = 1F778E029053B0BB0B822A7D /* Pods_KooData.framework */; };
/* End PBXBuildFile section */

/* Begin PBXFileReference section */
		1F778E029053B0BB0B822A7D /* Pods_KooData.framework */ = {isa = PBXFileReference; explicitFileType = wrapper.framework; includeInIndex = 0; path = Pods_KooData.framework; sourceTree = BUILT_PRODUCTS_DIR; };
		46ACF18125A2394A80163ACB /* Pods-KooData.release.xcconfig */ = {isa = PBXFileReference; includeInIndex = 1; lastKnownFileType = text.xcconfig; name = "Pods-KooData.release.xcconfig"; path = "Target Support Files/Pods-KooData/Pods-KooData.release.xcconfig"; sourceTree = "<group>"; };
		6419CEC925B3EE9E0069ED29 /* queryPokemon.graphql */ = {isa = PBXFileReference; lastKnownFileType = text; path = queryPokemon.graphql; sourceTree = "<group>"; };
		6419CEE325B407A70069ED29 /* API.swift */ = {isa = PBXFileReference; fileEncoding = 4; lastKnownFileType = sourcecode.swift; path = API.swift; sourceTree = "<group>"; };
		6419CEE825B407F70069ED29 /* Apollo.swift */ = {isa = PBXFileReference; lastKnownFileType = sourcecode.swift; path = Apollo.swift; sourceTree = "<group>"; };
		6419CEEB25B415440069ED29 /* CellViewModel.swift */ = {isa = PBXFileReference; lastKnownFileType = sourcecode.swift; path = CellViewModel.swift; sourceTree = "<group>"; };
		6419CEEE25B41C7E0069ED29 /* PokemonVCViewModel.swift */ = {isa = PBXFileReference; lastKnownFileType = sourcecode.swift; path = PokemonVCViewModel.swift; sourceTree = "<group>"; };
		6419CF1925B495C50069ED29 /* KingfisherWrapper.swift */ = {isa = PBXFileReference; lastKnownFileType = sourcecode.swift; path = KingfisherWrapper.swift; sourceTree = "<group>"; };
		645D884825B1703D00926C16 /* KooData.app */ = {isa = PBXFileReference; explicitFileType = wrapper.application; includeInIndex = 0; path = KooData.app; sourceTree = BUILT_PRODUCTS_DIR; };
		645D884B25B1703D00926C16 /* AppDelegate.swift */ = {isa = PBXFileReference; lastKnownFileType = sourcecode.swift; path = AppDelegate.swift; sourceTree = "<group>"; };
		645D884F25B1703D00926C16 /* PokemonVC.swift */ = {isa = PBXFileReference; lastKnownFileType = sourcecode.swift; path = PokemonVC.swift; sourceTree = "<group>"; };
		645D885225B1703D00926C16 /* Base */ = {isa = PBXFileReference; lastKnownFileType = file.storyboard; name = Base; path = Base.lproj/Main.storyboard; sourceTree = "<group>"; };
		645D885425B1703F00926C16 /* Assets.xcassets */ = {isa = PBXFileReference; lastKnownFileType = folder.assetcatalog; path = Assets.xcassets; sourceTree = "<group>"; };
		645D885725B1703F00926C16 /* Base */ = {isa = PBXFileReference; lastKnownFileType = file.storyboard; name = Base; path = Base.lproj/LaunchScreen.storyboard; sourceTree = "<group>"; };
		645D885925B1703F00926C16 /* Info.plist */ = {isa = PBXFileReference; lastKnownFileType = text.plist.xml; path = Info.plist; sourceTree = "<group>"; };
		645D886625B1735F00926C16 /* UICollectionView+Extension.swift */ = {isa = PBXFileReference; lastKnownFileType = sourcecode.swift; path = "UICollectionView+Extension.swift"; sourceTree = "<group>"; };
		645D886D25B1743700926C16 /* PokemonCollectionViewCell.swift */ = {isa = PBXFileReference; lastKnownFileType = sourcecode.swift; path = PokemonCollectionViewCell.swift; sourceTree = "<group>"; };
		645D886E25B1743700926C16 /* PokemonCollectionViewCell.xib */ = {isa = PBXFileReference; lastKnownFileType = file.xib; path = PokemonCollectionViewCell.xib; sourceTree = "<group>"; };
		645D887225B19D9800926C16 /* HTTPClient.swift */ = {isa = PBXFileReference; lastKnownFileType = sourcecode.swift; path = HTTPClient.swift; sourceTree = "<group>"; };
		BA047A1DEC45D0AB9C1CA8BE /* Pods-KooData.debug.xcconfig */ = {isa = PBXFileReference; includeInIndex = 1; lastKnownFileType = text.xcconfig; name = "Pods-KooData.debug.xcconfig"; path = "Target Support Files/Pods-KooData/Pods-KooData.debug.xcconfig"; sourceTree = "<group>"; };
/* End PBXFileReference section */

/* Begin PBXFrameworksBuildPhase section */
		645D884525B1703C00926C16 /* Frameworks */ = {
			isa = PBXFrameworksBuildPhase;
			buildActionMask = 2147483647;
			files = (
				7F1D54B4CCABB02425E1F865 /* Pods_KooData.framework in Frameworks */,
			);
			runOnlyForDeploymentPostprocessing = 0;
		};
/* End PBXFrameworksBuildPhase section */

/* Begin PBXGroup section */
		0AA1139E5DB612F59EF35507 /* Pods */ = {
			isa = PBXGroup;
			children = (
				BA047A1DEC45D0AB9C1CA8BE /* Pods-KooData.debug.xcconfig */,
				46ACF18125A2394A80163ACB /* Pods-KooData.release.xcconfig */,
			);
			path = Pods;
			sourceTree = "<group>";
		};
		117EFD475AFE750AF36D2CAE /* Frameworks */ = {
			isa = PBXGroup;
			children = (
				1F778E029053B0BB0B822A7D /* Pods_KooData.framework */,
			);
			name = Frameworks;
			sourceTree = "<group>";
		};
		6419CEE625B407DD0069ED29 /* GraphQL */ = {
			isa = PBXGroup;
			children = (
				6419CEC925B3EE9E0069ED29 /* queryPokemon.graphql */,
				6419CEE325B407A70069ED29 /* API.swift */,
				6419CEE825B407F70069ED29 /* Apollo.swift */,
			);
			path = GraphQL;
			sourceTree = "<group>";
		};
		645D883F25B1703C00926C16 = {
			isa = PBXGroup;
			children = (
				645D884A25B1703D00926C16 /* KooData */,
				645D884925B1703D00926C16 /* Products */,
				0AA1139E5DB612F59EF35507 /* Pods */,
				117EFD475AFE750AF36D2CAE /* Frameworks */,
			);
			sourceTree = "<group>";
		};
		645D884925B1703D00926C16 /* Products */ = {
			isa = PBXGroup;
			children = (
				645D884825B1703D00926C16 /* KooData.app */,
			);
			name = Products;
			sourceTree = "<group>";
		};
		645D884A25B1703D00926C16 /* KooData */ = {
			isa = PBXGroup;
			children = (
				645D886A25B1739F00926C16 /* Extension */,
				645D886225B1714B00926C16 /* Model */,
				645D886325B1715300926C16 /* ViewModel */,
				645D886125B1714500926C16 /* View */,
				6419CEE625B407DD0069ED29 /* GraphQL */,
				645D884B25B1703D00926C16 /* AppDelegate.swift */,
				645D885425B1703F00926C16 /* Assets.xcassets */,
				645D885625B1703F00926C16 /* LaunchScreen.storyboard */,
				645D885925B1703F00926C16 /* Info.plist */,
			);
			path = KooData;
			sourceTree = "<group>";
		};
		645D886125B1714500926C16 /* View */ = {
			isa = PBXGroup;
			children = (
				645D884F25B1703D00926C16 /* PokemonVC.swift */,
				645D885125B1703D00926C16 /* Main.storyboard */,
				645D886D25B1743700926C16 /* PokemonCollectionViewCell.swift */,
				645D886E25B1743700926C16 /* PokemonCollectionViewCell.xib */,
			);
			path = View;
			sourceTree = "<group>";
		};
		645D886225B1714B00926C16 /* Model */ = {
			isa = PBXGroup;
			children = (
				645D887225B19D9800926C16 /* HTTPClient.swift */,
			);
			path = Model;
			sourceTree = "<group>";
		};
		645D886325B1715300926C16 /* ViewModel */ = {
			isa = PBXGroup;
			children = (
				6419CEEB25B415440069ED29 /* CellViewModel.swift */,
				6419CEEE25B41C7E0069ED29 /* PokemonVCViewModel.swift */,
			);
			path = ViewModel;
			sourceTree = "<group>";
		};
		645D886A25B1739F00926C16 /* Extension */ = {
			isa = PBXGroup;
			children = (
				645D886625B1735F00926C16 /* UICollectionView+Extension.swift */,
				6419CF1925B495C50069ED29 /* KingfisherWrapper.swift */,
			);
			path = Extension;
			sourceTree = "<group>";
		};
/* End PBXGroup section */

/* Begin PBXNativeTarget section */
		645D884725B1703C00926C16 /* KooData */ = {
			isa = PBXNativeTarget;
			buildConfigurationList = 645D885C25B1703F00926C16 /* Build configuration list for PBXNativeTarget "KooData" */;
			buildPhases = (
				F3DABDB39B4D5DBA983D936D /* [CP] Check Pods Manifest.lock */,
				6419CEE125B406B50069ED29 /* Generate Apollo schema.json */,
				6419CECC25B3EFB00069ED29 /* Generate Apollo GraphQL API */,
				645D884425B1703C00926C16 /* Sources */,
				645D884525B1703C00926C16 /* Frameworks */,
				645D884625B1703C00926C16 /* Resources */,
				66F1870881432C930E4E1B3F /* [CP] Embed Pods Frameworks */,
			);
			buildRules = (
			);
			dependencies = (
			);
			name = KooData;
			productName = KooData;
			productReference = 645D884825B1703D00926C16 /* KooData.app */;
			productType = "com.apple.product-type.application";
		};
/* End PBXNativeTarget section */

/* Begin PBXProject section */
		645D884025B1703C00926C16 /* Project object */ = {
			isa = PBXProject;
			attributes = {
				LastSwiftUpdateCheck = 1230;
				LastUpgradeCheck = 1230;
				TargetAttributes = {
					645D884725B1703C00926C16 = {
						CreatedOnToolsVersion = 12.3;
					};
				};
			};
			buildConfigurationList = 645D884325B1703C00926C16 /* Build configuration list for PBXProject "KooData" */;
			compatibilityVersion = "Xcode 9.3";
			developmentRegion = en;
			hasScannedForEncodings = 0;
			knownRegions = (
				en,
				Base,
			);
			mainGroup = 645D883F25B1703C00926C16;
			productRefGroup = 645D884925B1703D00926C16 /* Products */;
			projectDirPath = "";
			projectRoot = "";
			targets = (
				645D884725B1703C00926C16 /* KooData */,
			);
		};
/* End PBXProject section */

/* Begin PBXResourcesBuildPhase section */
		645D884625B1703C00926C16 /* Resources */ = {
			isa = PBXResourcesBuildPhase;
			buildActionMask = 2147483647;
			files = (
				645D885825B1703F00926C16 /* LaunchScreen.storyboard in Resources */,
				645D885525B1703F00926C16 /* Assets.xcassets in Resources */,
				6419CECA25B3EE9E0069ED29 /* queryPokemon.graphql in Resources */,
				645D887025B1743700926C16 /* PokemonCollectionViewCell.xib in Resources */,
				645D885325B1703D00926C16 /* Main.storyboard in Resources */,
			);
			runOnlyForDeploymentPostprocessing = 0;
		};
/* End PBXResourcesBuildPhase section */

/* Begin PBXShellScriptBuildPhase section */
		6419CECC25B3EFB00069ED29 /* Generate Apollo GraphQL API */ = {
			isa = PBXShellScriptBuildPhase;
			buildActionMask = 12;
			files = (
			);
			inputFileListPaths = (
			);
			inputPaths = (
			);
			name = "Generate Apollo GraphQL API";
			outputFileListPaths = (
			);
			outputPaths = (
			);
			runOnlyForDeploymentPostprocessing = 0;
			shellPath = /bin/sh;
			shellScript = "# Type a script or drag a script file from your workspace to insert its path.\n# Go to the build root and search up the chain to find the \n# Derived Data Path where the source packages are checked out.\nSCRIPT_PATH=\"${PODS_ROOT}/Apollo/scripts\"\ncd \"${SRCROOT}/${TARGET_NAME}\"\n\"${SCRIPT_PATH}\"/run-bundled-codegen.sh codegen:generate --target=swift --includes=./**/*.graphql --localSchemaFile=\"schema.json\" API.swift\n";
		};
		6419CEE125B406B50069ED29 /* Generate Apollo schema.json */ = {
			isa = PBXShellScriptBuildPhase;
			buildActionMask = 2147483647;
			files = (
			);
			inputFileListPaths = (
			);
			inputPaths = (
			);
			name = "Generate Apollo schema.json";
			outputFileListPaths = (
			);
			outputPaths = (
			);
			runOnlyForDeploymentPostprocessing = 0;
			shellPath = /bin/sh;
			shellScript = "# Type a script or drag a script file from your workspace to insert its path.\nSCRIPT_PATH=\"${PODS_ROOT}/Apollo/scripts\"\ncd \"${SRCROOT}/${TARGET_NAME}\"\n\"${SCRIPT_PATH}\"/run-bundled-codegen.sh schema:download --endpoint=https://graphql-pokemon2.vercel.app/ schema.json\n";
		};
		66F1870881432C930E4E1B3F /* [CP] Embed Pods Frameworks */ = {
			isa = PBXShellScriptBuildPhase;
			buildActionMask = 2147483647;
			files = (
			);
			inputFileListPaths = (
				"${PODS_ROOT}/Target Support Files/Pods-KooData/Pods-KooData-frameworks-${CONFIGURATION}-input-files.xcfilelist",
			);
			name = "[CP] Embed Pods Frameworks";
			outputFileListPaths = (
				"${PODS_ROOT}/Target Support Files/Pods-KooData/Pods-KooData-frameworks-${CONFIGURATION}-output-files.xcfilelist",
			);
			runOnlyForDeploymentPostprocessing = 0;
			shellPath = /bin/sh;
			shellScript = "\"${PODS_ROOT}/Target Support Files/Pods-KooData/Pods-KooData-frameworks.sh\"\n";
			showEnvVarsInLog = 0;
		};
		F3DABDB39B4D5DBA983D936D /* [CP] Check Pods Manifest.lock */ = {
			isa = PBXShellScriptBuildPhase;
			buildActionMask = 2147483647;
			files = (
			);
			inputFileListPaths = (
			);
			inputPaths = (
				"${PODS_PODFILE_DIR_PATH}/Podfile.lock",
				"${PODS_ROOT}/Manifest.lock",
			);
			name = "[CP] Check Pods Manifest.lock";
			outputFileListPaths = (
			);
			outputPaths = (
				"$(DERIVED_FILE_DIR)/Pods-KooData-checkManifestLockResult.txt",
			);
			runOnlyForDeploymentPostprocessing = 0;
			shellPath = /bin/sh;
			shellScript = "diff \"${PODS_PODFILE_DIR_PATH}/Podfile.lock\" \"${PODS_ROOT}/Manifest.lock\" > /dev/null\nif [ $? != 0 ] ; then\n    # print error to STDERR\n    echo \"error: The sandbox is not in sync with the Podfile.lock. Run 'pod install' or update your CocoaPods installation.\" >&2\n    exit 1\nfi\n# This output is used by Xcode 'outputs' to avoid re-running this script phase.\necho \"SUCCESS\" > \"${SCRIPT_OUTPUT_FILE_0}\"\n";
			showEnvVarsInLog = 0;
		};
/* End PBXShellScriptBuildPhase section */

/* Begin PBXSourcesBuildPhase section */
		645D884425B1703C00926C16 /* Sources */ = {
			isa = PBXSourcesBuildPhase;
			buildActionMask = 2147483647;
			files = (
				645D885025B1703D00926C16 /* PokemonVC.swift in Sources */,
				6419CF1A25B495C50069ED29 /* KingfisherWrapper.swift in Sources */,
				645D886725B1735F00926C16 /* UICollectionView+Extension.swift in Sources */,
				6419CEEC25B415440069ED29 /* CellViewModel.swift in Sources */,
				645D887325B19D9800926C16 /* HTTPClient.swift in Sources */,
				6419CEE925B407F70069ED29 /* Apollo.swift in Sources */,
				645D886F25B1743700926C16 /* PokemonCollectionViewCell.swift in Sources */,
				6419CEE425B407A70069ED29 /* API.swift in Sources */,
				6419CEEF25B41C7E0069ED29 /* PokemonVCViewModel.swift in Sources */,
				645D884C25B1703D00926C16 /* AppDelegate.swift in Sources */,
			);
			runOnlyForDeploymentPostprocessing = 0;
		};
/* End PBXSourcesBuildPhase section */

/* Begin PBXVariantGroup section */
		645D885125B1703D00926C16 /* Main.storyboard */ = {
			isa = PBXVariantGroup;
			children = (
				645D885225B1703D00926C16 /* Base */,
			);
			name = Main.storyboard;
			sourceTree = "<group>";
		};
		645D885625B1703F00926C16 /* LaunchScreen.storyboard */ = {
			isa = PBXVariantGroup;
			children = (
				645D885725B1703F00926C16 /* Base */,
			);
			name = LaunchScreen.storyboard;
			sourceTree = "<group>";
		};
/* End PBXVariantGroup section */

/* Begin XCBuildConfiguration section */
		645D885A25B1703F00926C16 /* Debug */ = {
			isa = XCBuildConfiguration;
			buildSettings = {
				ALWAYS_SEARCH_USER_PATHS = NO;
				CLANG_ANALYZER_NONNULL = YES;
				CLANG_ANALYZER_NUMBER_OBJECT_CONVERSION = YES_AGGRESSIVE;
				CLANG_CXX_LANGUAGE_STANDARD = "gnu++14";
				CLANG_CXX_LIBRARY = "libc++";
				CLANG_ENABLE_MODULES = YES;
				CLANG_ENABLE_OBJC_ARC = YES;
				CLANG_ENABLE_OBJC_WEAK = YES;
				CLANG_WARN_BLOCK_CAPTURE_AUTORELEASING = YES;
				CLANG_WARN_BOOL_CONVERSION = YES;
				CLANG_WARN_COMMA = YES;
				CLANG_WARN_CONSTANT_CONVERSION = YES;
				CLANG_WARN_DEPRECATED_OBJC_IMPLEMENTATIONS = YES;
				CLANG_WARN_DIRECT_OBJC_ISA_USAGE = YES_ERROR;
				CLANG_WARN_DOCUMENTATION_COMMENTS = YES;
				CLANG_WARN_EMPTY_BODY = YES;
				CLANG_WARN_ENUM_CONVERSION = YES;
				CLANG_WARN_INFINITE_RECURSION = YES;
				CLANG_WARN_INT_CONVERSION = YES;
				CLANG_WARN_NON_LITERAL_NULL_CONVERSION = YES;
				CLANG_WARN_OBJC_IMPLICIT_RETAIN_SELF = YES;
				CLANG_WARN_OBJC_LITERAL_CONVERSION = YES;
				CLANG_WARN_OBJC_ROOT_CLASS = YES_ERROR;
				CLANG_WARN_QUOTED_INCLUDE_IN_FRAMEWORK_HEADER = YES;
				CLANG_WARN_RANGE_LOOP_ANALYSIS = YES;
				CLANG_WARN_STRICT_PROTOTYPES = YES;
				CLANG_WARN_SUSPICIOUS_MOVE = YES;
				CLANG_WARN_UNGUARDED_AVAILABILITY = YES_AGGRESSIVE;
				CLANG_WARN_UNREACHABLE_CODE = YES;
				CLANG_WARN__DUPLICATE_METHOD_MATCH = YES;
				COPY_PHASE_STRIP = NO;
				DEBUG_INFORMATION_FORMAT = dwarf;
				ENABLE_STRICT_OBJC_MSGSEND = YES;
				ENABLE_TESTABILITY = YES;
				GCC_C_LANGUAGE_STANDARD = gnu11;
				GCC_DYNAMIC_NO_PIC = NO;
				GCC_NO_COMMON_BLOCKS = YES;
				GCC_OPTIMIZATION_LEVEL = 0;
				GCC_PREPROCESSOR_DEFINITIONS = (
					"DEBUG=1",
					"$(inherited)",
				);
				GCC_WARN_64_TO_32_BIT_CONVERSION = YES;
				GCC_WARN_ABOUT_RETURN_TYPE = YES_ERROR;
				GCC_WARN_UNDECLARED_SELECTOR = YES;
				GCC_WARN_UNINITIALIZED_AUTOS = YES_AGGRESSIVE;
				GCC_WARN_UNUSED_FUNCTION = YES;
				GCC_WARN_UNUSED_VARIABLE = YES;
				IPHONEOS_DEPLOYMENT_TARGET = 14.3;
				MTL_ENABLE_DEBUG_INFO = INCLUDE_SOURCE;
				MTL_FAST_MATH = YES;
				ONLY_ACTIVE_ARCH = YES;
				SDKROOT = iphoneos;
				SWIFT_ACTIVE_COMPILATION_CONDITIONS = DEBUG;
				SWIFT_OPTIMIZATION_LEVEL = "-Onone";
			};
			name = Debug;
		};
		645D885B25B1703F00926C16 /* Release */ = {
			isa = XCBuildConfiguration;
			buildSettings = {
				ALWAYS_SEARCH_USER_PATHS = NO;
				CLANG_ANALYZER_NONNULL = YES;
				CLANG_ANALYZER_NUMBER_OBJECT_CONVERSION = YES_AGGRESSIVE;
				CLANG_CXX_LANGUAGE_STANDARD = "gnu++14";
				CLANG_CXX_LIBRARY = "libc++";
				CLANG_ENABLE_MODULES = YES;
				CLANG_ENABLE_OBJC_ARC = YES;
				CLANG_ENABLE_OBJC_WEAK = YES;
				CLANG_WARN_BLOCK_CAPTURE_AUTORELEASING = YES;
				CLANG_WARN_BOOL_CONVERSION = YES;
				CLANG_WARN_COMMA = YES;
				CLANG_WARN_CONSTANT_CONVERSION = YES;
				CLANG_WARN_DEPRECATED_OBJC_IMPLEMENTATIONS = YES;
				CLANG_WARN_DIRECT_OBJC_ISA_USAGE = YES_ERROR;
				CLANG_WARN_DOCUMENTATION_COMMENTS = YES;
				CLANG_WARN_EMPTY_BODY = YES;
				CLANG_WARN_ENUM_CONVERSION = YES;
				CLANG_WARN_INFINITE_RECURSION = YES;
				CLANG_WARN_INT_CONVERSION = YES;
				CLANG_WARN_NON_LITERAL_NULL_CONVERSION = YES;
				CLANG_WARN_OBJC_IMPLICIT_RETAIN_SELF = YES;
				CLANG_WARN_OBJC_LITERAL_CONVERSION = YES;
				CLANG_WARN_OBJC_ROOT_CLASS = YES_ERROR;
				CLANG_WARN_QUOTED_INCLUDE_IN_FRAMEWORK_HEADER = YES;
				CLANG_WARN_RANGE_LOOP_ANALYSIS = YES;
				CLANG_WARN_STRICT_PROTOTYPES = YES;
				CLANG_WARN_SUSPICIOUS_MOVE = YES;
				CLANG_WARN_UNGUARDED_AVAILABILITY = YES_AGGRESSIVE;
				CLANG_WARN_UNREACHABLE_CODE = YES;
				CLANG_WARN__DUPLICATE_METHOD_MATCH = YES;
				COPY_PHASE_STRIP = NO;
				DEBUG_INFORMATION_FORMAT = "dwarf-with-dsym";
				ENABLE_NS_ASSERTIONS = NO;
				ENABLE_STRICT_OBJC_MSGSEND = YES;
				GCC_C_LANGUAGE_STANDARD = gnu11;
				GCC_NO_COMMON_BLOCKS = YES;
				GCC_WARN_64_TO_32_BIT_CONVERSION = YES;
				GCC_WARN_ABOUT_RETURN_TYPE = YES_ERROR;
				GCC_WARN_UNDECLARED_SELECTOR = YES;
				GCC_WARN_UNINITIALIZED_AUTOS = YES_AGGRESSIVE;
				GCC_WARN_UNUSED_FUNCTION = YES;
				GCC_WARN_UNUSED_VARIABLE = YES;
				IPHONEOS_DEPLOYMENT_TARGET = 14.3;
				MTL_ENABLE_DEBUG_INFO = NO;
				MTL_FAST_MATH = YES;
				SDKROOT = iphoneos;
				SWIFT_COMPILATION_MODE = wholemodule;
				SWIFT_OPTIMIZATION_LEVEL = "-O";
				VALIDATE_PRODUCT = YES;
			};
			name = Release;
		};
		645D885D25B1703F00926C16 /* Debug */ = {
			isa = XCBuildConfiguration;
			baseConfigurationReference = BA047A1DEC45D0AB9C1CA8BE /* Pods-KooData.debug.xcconfig */;
			buildSettings = {
				ASSETCATALOG_COMPILER_APPICON_NAME = AppIcon;
				ASSETCATALOG_COMPILER_GLOBAL_ACCENT_COLOR_NAME = AccentColor;
				CODE_SIGN_STYLE = Automatic;
				INFOPLIST_FILE = KooData/Info.plist;
				LD_RUNPATH_SEARCH_PATHS = (
					"$(inherited)",
					"@executable_path/Frameworks",
				);
				PRODUCT_BUNDLE_IDENTIFIER = com.hamburger.KooData;
				PRODUCT_NAME = "$(TARGET_NAME)";
				SWIFT_VERSION = 5.0;
				TARGETED_DEVICE_FAMILY = "1,2";
			};
			name = Debug;
		};
		645D885E25B1703F00926C16 /* Release */ = {
			isa = XCBuildConfiguration;
			baseConfigurationReference = 46ACF18125A2394A80163ACB /* Pods-KooData.release.xcconfig */;
			buildSettings = {
				ASSETCATALOG_COMPILER_APPICON_NAME = AppIcon;
				ASSETCATALOG_COMPILER_GLOBAL_ACCENT_COLOR_NAME = AccentColor;
				CODE_SIGN_STYLE = Automatic;
				INFOPLIST_FILE = KooData/Info.plist;
				LD_RUNPATH_SEARCH_PATHS = (
					"$(inherited)",
					"@executable_path/Frameworks",
				);
				PRODUCT_BUNDLE_IDENTIFIER = com.hamburger.KooData;
				PRODUCT_NAME = "$(TARGET_NAME)";
				SWIFT_VERSION = 5.0;
				TARGETED_DEVICE_FAMILY = "1,2";
			};
			name = Release;
		};
/* End XCBuildConfiguration section */

/* Begin XCConfigurationList section */
		645D884325B1703C00926C16 /* Build configuration list for PBXProject "KooData" */ = {
			isa = XCConfigurationList;
			buildConfigurations = (
				645D885A25B1703F00926C16 /* Debug */,
				645D885B25B1703F00926C16 /* Release */,
			);
			defaultConfigurationIsVisible = 0;
			defaultConfigurationName = Release;
		};
		645D885C25B1703F00926C16 /* Build configuration list for PBXNativeTarget "KooData" */ = {
			isa = XCConfigurationList;
			buildConfigurations = (
				645D885D25B1703F00926C16 /* Debug */,
				645D885E25B1703F00926C16 /* Release */,
			);
			defaultConfigurationIsVisible = 0;
			defaultConfigurationName = Release;
		};
/* End XCConfigurationList section */
	};
	rootObject = 645D884025B1703C00926C16 /* Project object */;
}
